
Microsoft Visual Studio Solution File, Format Version 12.00
# Visual Studio Version 17
VisualStudioVersion = 17.9.34728.123
MinimumVisualStudioVersion = 10.0.40219.1
Project("{FAE04EC0-301F-11D3-BF4B-00C04F79EFBC}") = "PersonalAutomations.Web", "PersonalAutomations.Web.csproj", "{053BAD44-9BE3-4DF2-9417-45DA42F8CC67}"
EndProject
Global
	GlobalSection(SolutionConfigurationPlatforms) = preSolution
		Debug|Any CPU = Debug|Any CPU
		Release|Any CPU = Release|Any CPU
	EndGlobalSection
	GlobalSection(ProjectConfigurationPlatforms) = postSolution
		{053BAD44-9BE3-4DF2-9417-45DA42F8CC67}.Debug|Any CPU.ActiveCfg = Debug|Any CPU
		{053BAD44-9BE3-4DF2-9417-45DA42F8CC67}.Debug|Any CPU.Build.0 = Debug|Any CPU
		{053BAD44-9BE3-4DF2-9417-45DA42F8CC67}.Release|Any CPU.ActiveCfg = Release|Any CPU
		{053BAD44-9BE3-4DF2-9417-45DA42F8CC67}.Release|Any CPU.Build.0 = Release|Any CPU
	EndGlobalSection
	GlobalSection(SolutionProperties) = preSolution
		HideSolutionNode = FALSE
	EndGlobalSection
	GlobalSection(ExtensibilityGlobals) = postSolution
		SolutionGuid = {15472A2F-82F8-4EA2-AF72-B7A6AC0897AD}
	EndGlobalSection
EndGlobal
